
Microsoft Visual Studio Solution File, Format Version 12.00
# Visual Studio Version 17
VisualStudioVersion = 17.8.34511.84
MinimumVisualStudioVersion = 10.0.40219.1
Project("{9A19103F-16F7-4668-BE54-9A1E7A4F7556}") = "azure-learn", "azure-learn.csproj", "{0DAFBF66-F9CD-4272-9998-1F375A22BED7}"
EndProject
Project("{FAE04EC0-301F-11D3-BF4B-00C04F79EFBC}") = "MsalLearn", "MsalLearn\MsalLearn.csproj", "{D47E0A52-0D24-4C5C-AA59-E6F0D6C1C229}"
EndProject
Global
	GlobalSection(SolutionConfigurationPlatforms) = preSolution
		Debug|Any CPU = Debug|Any CPU
		Release|Any CPU = Release|Any CPU
	EndGlobalSection
	GlobalSection(ProjectConfigurationPlatforms) = postSolution
		{0DAFBF66-F9CD-4272-9998-1F375A22BED7}.Debug|Any CPU.ActiveCfg = Debug|Any CPU
		{0DAFBF66-F9CD-4272-9998-1F375A22BED7}.Debug|Any CPU.Build.0 = Debug|Any CPU
		{0DAFBF66-F9CD-4272-9998-1F375A22BED7}.Release|Any CPU.ActiveCfg = Release|Any CPU
		{0DAFBF66-F9CD-4272-9998-1F375A22BED7}.Release|Any CPU.Build.0 = Release|Any CPU
		{D47E0A52-0D24-4C5C-AA59-E6F0D6C1C229}.Debug|Any CPU.ActiveCfg = Debug|Any CPU
		{D47E0A52-0D24-4C5C-AA59-E6F0D6C1C229}.Debug|Any CPU.Build.0 = Debug|Any CPU
		{D47E0A52-0D24-4C5C-AA59-E6F0D6C1C229}.Release|Any CPU.ActiveCfg = Release|Any CPU
		{D47E0A52-0D24-4C5C-AA59-E6F0D6C1C229}.Release|Any CPU.Build.0 = Release|Any CPU
	EndGlobalSection
	GlobalSection(SolutionProperties) = preSolution
		HideSolutionNode = FALSE
	EndGlobalSection
	GlobalSection(ExtensibilityGlobals) = postSolution
		SolutionGuid = {22B44210-EF4C-42D4-B46E-EF63F350F115}
	EndGlobalSection
EndGlobal
